// !$*UTF8*$!
{
	archiveVersion = 1;
	classes = {
	};
	objectVersion = 51;
	objects = {

/* Begin PBXBuildFile section */
		7B60071625DCE4C80015BC31 /* GoogleService-Info.plist in Resources */ = {isa = PBXBuildFile; fileRef = 7B60071525DCE4C80015BC31 /* GoogleService-Info.plist */; };
		7B60071925DDC2EF0015BC31 /* DatabaseManager.swift in Sources */ = {isa = PBXBuildFile; fileRef = 7B60071825DDC2EF0015BC31 /* DatabaseManager.swift */; };
		7BBD362825CD207200D6EB39 /* AppDelegate.swift in Sources */ = {isa = PBXBuildFile; fileRef = 7BBD362725CD207200D6EB39 /* AppDelegate.swift */; };
		7BBD362A25CD207200D6EB39 /* SceneDelegate.swift in Sources */ = {isa = PBXBuildFile; fileRef = 7BBD362925CD207200D6EB39 /* SceneDelegate.swift */; };
		7BBD362C25CD207200D6EB39 /* ConversationsViewController.swift in Sources */ = {isa = PBXBuildFile; fileRef = 7BBD362B25CD207200D6EB39 /* ConversationsViewController.swift */; };
		7BBD362F25CD207200D6EB39 /* Main.storyboard in Resources */ = {isa = PBXBuildFile; fileRef = 7BBD362D25CD207200D6EB39 /* Main.storyboard */; };
		7BBD363125CD207200D6EB39 /* Assets.xcassets in Resources */ = {isa = PBXBuildFile; fileRef = 7BBD363025CD207200D6EB39 /* Assets.xcassets */; };
		7BBD363425CD207200D6EB39 /* LaunchScreen.storyboard in Resources */ = {isa = PBXBuildFile; fileRef = 7BBD363225CD207200D6EB39 /* LaunchScreen.storyboard */; };
		7BBD364425CFB79C00D6EB39 /* LoginViewController.swift in Sources */ = {isa = PBXBuildFile; fileRef = 7BBD364325CFB79C00D6EB39 /* LoginViewController.swift */; };
		7BBD364825CFB7BD00D6EB39 /* RegisterViewController.swift in Sources */ = {isa = PBXBuildFile; fileRef = 7BBD364725CFB7BC00D6EB39 /* RegisterViewController.swift */; };
		7BBD364B25CFB7E500D6EB39 /* PhotoViewerViewController.swift in Sources */ = {isa = PBXBuildFile; fileRef = 7BBD364A25CFB7E500D6EB39 /* PhotoViewerViewController.swift */; };
		7BBD364E25CFB7FB00D6EB39 /* VideoPlayerViewController.swift in Sources */ = {isa = PBXBuildFile; fileRef = 7BBD364D25CFB7FB00D6EB39 /* VideoPlayerViewController.swift */; };
		7BBD365125CFB81D00D6EB39 /* NewConversationViewController.swift in Sources */ = {isa = PBXBuildFile; fileRef = 7BBD365025CFB81D00D6EB39 /* NewConversationViewController.swift */; };
		7BBD365425CFB83300D6EB39 /* ProfileViewController.swift in Sources */ = {isa = PBXBuildFile; fileRef = 7BBD365325CFB83300D6EB39 /* ProfileViewController.swift */; };
		7BBD365925D24E0A00D6EB39 /* Extensions.swift in Sources */ = {isa = PBXBuildFile; fileRef = 7BBD365825D24E0A00D6EB39 /* Extensions.swift */; };
		ECAD66F56BEEF9314C7571C1 /* Pods_ChatWithJames_iOS.framework in Frameworks */ = {isa = PBXBuildFile; fileRef = A8AE16E20537744003F5AC65 /* Pods_ChatWithJames_iOS.framework */; };
/* End PBXBuildFile section */

/* Begin PBXFileReference section */
		1E5C33A26ACD3A7F80DDC7E8 /* Pods-ChatWithJames_iOS.release.xcconfig */ = {isa = PBXFileReference; includeInIndex = 1; lastKnownFileType = text.xcconfig; name = "Pods-ChatWithJames_iOS.release.xcconfig"; path = "Target Support Files/Pods-ChatWithJames_iOS/Pods-ChatWithJames_iOS.release.xcconfig"; sourceTree = "<group>"; };
		445057DC5F18A3851296AA1F /* Pods-ChatWithJames_iOS.debug.xcconfig */ = {isa = PBXFileReference; includeInIndex = 1; lastKnownFileType = text.xcconfig; name = "Pods-ChatWithJames_iOS.debug.xcconfig"; path = "Target Support Files/Pods-ChatWithJames_iOS/Pods-ChatWithJames_iOS.debug.xcconfig"; sourceTree = "<group>"; };
		7B60071525DCE4C80015BC31 /* GoogleService-Info.plist */ = {isa = PBXFileReference; fileEncoding = 4; lastKnownFileType = text.plist.xml; name = "GoogleService-Info.plist"; path = "../../../../Downloads/GoogleService-Info.plist"; sourceTree = "<group>"; };
		7B60071825DDC2EF0015BC31 /* DatabaseManager.swift */ = {isa = PBXFileReference; lastKnownFileType = sourcecode.swift; path = DatabaseManager.swift; sourceTree = "<group>"; };
		7BBD362425CD207200D6EB39 /* ChatWithJames_iOS.app */ = {isa = PBXFileReference; explicitFileType = wrapper.application; includeInIndex = 0; path = ChatWithJames_iOS.app; sourceTree = BUILT_PRODUCTS_DIR; };
		7BBD362725CD207200D6EB39 /* AppDelegate.swift */ = {isa = PBXFileReference; lastKnownFileType = sourcecode.swift; path = AppDelegate.swift; sourceTree = "<group>"; };
		7BBD362925CD207200D6EB39 /* SceneDelegate.swift */ = {isa = PBXFileReference; lastKnownFileType = sourcecode.swift; path = SceneDelegate.swift; sourceTree = "<group>"; };
		7BBD362B25CD207200D6EB39 /* ConversationsViewController.swift */ = {isa = PBXFileReference; lastKnownFileType = sourcecode.swift; path = ConversationsViewController.swift; sourceTree = "<group>"; };
		7BBD362E25CD207200D6EB39 /* Base */ = {isa = PBXFileReference; lastKnownFileType = file.storyboard; name = Base; path = Base.lproj/Main.storyboard; sourceTree = "<group>"; };
		7BBD363025CD207200D6EB39 /* Assets.xcassets */ = {isa = PBXFileReference; lastKnownFileType = folder.assetcatalog; path = Assets.xcassets; sourceTree = "<group>"; };
		7BBD363325CD207200D6EB39 /* Base */ = {isa = PBXFileReference; lastKnownFileType = file.storyboard; name = Base; path = Base.lproj/LaunchScreen.storyboard; sourceTree = "<group>"; };
		7BBD363525CD207200D6EB39 /* Info.plist */ = {isa = PBXFileReference; lastKnownFileType = text.plist.xml; path = Info.plist; sourceTree = "<group>"; };
		7BBD364325CFB79C00D6EB39 /* LoginViewController.swift */ = {isa = PBXFileReference; lastKnownFileType = sourcecode.swift; path = LoginViewController.swift; sourceTree = "<group>"; };
		7BBD364725CFB7BC00D6EB39 /* RegisterViewController.swift */ = {isa = PBXFileReference; lastKnownFileType = sourcecode.swift; path = RegisterViewController.swift; sourceTree = "<group>"; };
		7BBD364A25CFB7E500D6EB39 /* PhotoViewerViewController.swift */ = {isa = PBXFileReference; lastKnownFileType = sourcecode.swift; path = PhotoViewerViewController.swift; sourceTree = "<group>"; };
		7BBD364D25CFB7FB00D6EB39 /* VideoPlayerViewController.swift */ = {isa = PBXFileReference; lastKnownFileType = sourcecode.swift; path = VideoPlayerViewController.swift; sourceTree = "<group>"; };
		7BBD365025CFB81D00D6EB39 /* NewConversationViewController.swift */ = {isa = PBXFileReference; lastKnownFileType = sourcecode.swift; path = NewConversationViewController.swift; sourceTree = "<group>"; };
		7BBD365325CFB83300D6EB39 /* ProfileViewController.swift */ = {isa = PBXFileReference; lastKnownFileType = sourcecode.swift; path = ProfileViewController.swift; sourceTree = "<group>"; };
		7BBD365825D24E0A00D6EB39 /* Extensions.swift */ = {isa = PBXFileReference; lastKnownFileType = sourcecode.swift; path = Extensions.swift; sourceTree = "<group>"; };
		A8AE16E20537744003F5AC65 /* Pods_ChatWithJames_iOS.framework */ = {isa = PBXFileReference; explicitFileType = wrapper.framework; includeInIndex = 0; path = Pods_ChatWithJames_iOS.framework; sourceTree = BUILT_PRODUCTS_DIR; };
/* End PBXFileReference section */

/* Begin PBXFrameworksBuildPhase section */
		7BBD362125CD207200D6EB39 /* Frameworks */ = {
			isa = PBXFrameworksBuildPhase;
			buildActionMask = 2147483647;
			files = (
				ECAD66F56BEEF9314C7571C1 /* Pods_ChatWithJames_iOS.framework in Frameworks */,
			);
			runOnlyForDeploymentPostprocessing = 0;
		};
/* End PBXFrameworksBuildPhase section */

/* Begin PBXGroup section */
		168A15ED2A5DED7D5AC73FC0 /* Frameworks */ = {
			isa = PBXGroup;
			children = (
				A8AE16E20537744003F5AC65 /* Pods_ChatWithJames_iOS.framework */,
			);
			name = Frameworks;
			sourceTree = "<group>";
		};
		5C2377D50AA02841901211AA /* Pods */ = {
			isa = PBXGroup;
			children = (
				445057DC5F18A3851296AA1F /* Pods-ChatWithJames_iOS.debug.xcconfig */,
				1E5C33A26ACD3A7F80DDC7E8 /* Pods-ChatWithJames_iOS.release.xcconfig */,
			);
			path = Pods;
			sourceTree = "<group>";
		};
		7BBD361B25CD207200D6EB39 = {
			isa = PBXGroup;
			children = (
				7BBD362625CD207200D6EB39 /* ChatWithJames_iOS */,
				7BBD362525CD207200D6EB39 /* Products */,
				5C2377D50AA02841901211AA /* Pods */,
				168A15ED2A5DED7D5AC73FC0 /* Frameworks */,
			);
			sourceTree = "<group>";
		};
		7BBD362525CD207200D6EB39 /* Products */ = {
			isa = PBXGroup;
			children = (
				7BBD362425CD207200D6EB39 /* ChatWithJames_iOS.app */,
			);
			name = Products;
			sourceTree = "<group>";
		};
		7BBD362625CD207200D6EB39 /* ChatWithJames_iOS */ = {
			isa = PBXGroup;
			children = (
				7B60071525DCE4C80015BC31 /* GoogleService-Info.plist */,
				7BBD364025CFB60E00D6EB39 /* Resources */,
				7BBD363F25CFB60400D6EB39 /* ViewModels */,
				7BBD363E25CFB5F700D6EB39 /* Models */,
				7BBD363D25CFB5ED00D6EB39 /* Views */,
				7BBD363C25CFB5E400D6EB39 /* Controllers */,
				7BBD363525CD207200D6EB39 /* Info.plist */,
			);
			path = ChatWithJames_iOS;
			sourceTree = "<group>";
		};
		7BBD363C25CFB5E400D6EB39 /* Controllers */ = {
			isa = PBXGroup;
			children = (
				7BBD362B25CD207200D6EB39 /* ConversationsViewController.swift */,
				7BBD365625D0C05900D6EB39 /* Login */,
				7BBD364A25CFB7E500D6EB39 /* PhotoViewerViewController.swift */,
				7BBD364D25CFB7FB00D6EB39 /* VideoPlayerViewController.swift */,
				7BBD365025CFB81D00D6EB39 /* NewConversationViewController.swift */,
				7BBD365325CFB83300D6EB39 /* ProfileViewController.swift */,
			);
			path = Controllers;
			sourceTree = "<group>";
		};
		7BBD363D25CFB5ED00D6EB39 /* Views */ = {
			isa = PBXGroup;
			children = (
				7BBD364125CFB64D00D6EB39 /* Storyboards */,
				7BBD363025CD207200D6EB39 /* Assets.xcassets */,
			);
			path = Views;
			sourceTree = "<group>";
		};
		7BBD363E25CFB5F700D6EB39 /* Models */ = {
			isa = PBXGroup;
			children = (
			);
			path = Models;
			sourceTree = "<group>";
		};
		7BBD363F25CFB60400D6EB39 /* ViewModels */ = {
			isa = PBXGroup;
			children = (
			);
			path = ViewModels;
			sourceTree = "<group>";
		};
		7BBD364025CFB60E00D6EB39 /* Resources */ = {
			isa = PBXGroup;
			children = (
				7BBD362725CD207200D6EB39 /* AppDelegate.swift */,
				7BBD362925CD207200D6EB39 /* SceneDelegate.swift */,
				7BBD365825D24E0A00D6EB39 /* Extensions.swift */,
				7B60071825DDC2EF0015BC31 /* DatabaseManager.swift */,
			);
			path = Resources;
			sourceTree = "<group>";
		};
		7BBD364125CFB64D00D6EB39 /* Storyboards */ = {
			isa = PBXGroup;
			children = (
				7BBD362D25CD207200D6EB39 /* Main.storyboard */,
				7BBD363225CD207200D6EB39 /* LaunchScreen.storyboard */,
			);
			path = Storyboards;
			sourceTree = "<group>";
		};
		7BBD365625D0C05900D6EB39 /* Login */ = {
			isa = PBXGroup;
			children = (
				7BBD364325CFB79C00D6EB39 /* LoginViewController.swift */,
				7BBD364725CFB7BC00D6EB39 /* RegisterViewController.swift */,
			);
			path = Login;
			sourceTree = "<group>";
		};
/* End PBXGroup section */

/* Begin PBXNativeTarget section */
		7BBD362325CD207200D6EB39 /* ChatWithJames_iOS */ = {
			isa = PBXNativeTarget;
			buildConfigurationList = 7BBD363825CD207200D6EB39 /* Build configuration list for PBXNativeTarget "ChatWithJames_iOS" */;
			buildPhases = (
				429C5D51AA13F3975CCC4EE9 /* [CP] Check Pods Manifest.lock */,
				7BBD362025CD207200D6EB39 /* Sources */,
				7BBD362125CD207200D6EB39 /* Frameworks */,
				7BBD362225CD207200D6EB39 /* Resources */,
				4169116AE1FB8A1974936FBF /* [CP] Embed Pods Frameworks */,
				C31D8BF3080183A9BD179964 /* [CP] Copy Pods Resources */,
			);
			buildRules = (
			);
			dependencies = (
			);
			name = ChatWithJames_iOS;
			productName = ChatWithJames_iOS;
			productReference = 7BBD362425CD207200D6EB39 /* ChatWithJames_iOS.app */;
			productType = "com.apple.product-type.application";
		};
/* End PBXNativeTarget section */

/* Begin PBXProject section */
		7BBD361C25CD207200D6EB39 /* Project object */ = {
			isa = PBXProject;
			attributes = {
				LastSwiftUpdateCheck = 1240;
				LastUpgradeCheck = 1240;
				TargetAttributes = {
					7BBD362325CD207200D6EB39 = {
						CreatedOnToolsVersion = 12.4;
					};
				};
			};
			buildConfigurationList = 7BBD361F25CD207200D6EB39 /* Build configuration list for PBXProject "ChatWithJames_iOS" */;
			compatibilityVersion = "Xcode 9.3";
			developmentRegion = en;
			hasScannedForEncodings = 0;
			knownRegions = (
				en,
				Base,
			);
			mainGroup = 7BBD361B25CD207200D6EB39;
			productRefGroup = 7BBD362525CD207200D6EB39 /* Products */;
			projectDirPath = "";
			projectRoot = "";
			targets = (
				7BBD362325CD207200D6EB39 /* ChatWithJames_iOS */,
			);
		};
/* End PBXProject section */

/* Begin PBXResourcesBuildPhase section */
		7BBD362225CD207200D6EB39 /* Resources */ = {
			isa = PBXResourcesBuildPhase;
			buildActionMask = 2147483647;
			files = (
				7BBD363425CD207200D6EB39 /* LaunchScreen.storyboard in Resources */,
				7B60071625DCE4C80015BC31 /* GoogleService-Info.plist in Resources */,
				7BBD363125CD207200D6EB39 /* Assets.xcassets in Resources */,
				7BBD362F25CD207200D6EB39 /* Main.storyboard in Resources */,
			);
			runOnlyForDeploymentPostprocessing = 0;
		};
/* End PBXResourcesBuildPhase section */

/* Begin PBXShellScriptBuildPhase section */
		4169116AE1FB8A1974936FBF /* [CP] Embed Pods Frameworks */ = {
			isa = PBXShellScriptBuildPhase;
			buildActionMask = 2147483647;
			files = (
			);
			inputFileListPaths = (
				"${PODS_ROOT}/Target Support Files/Pods-ChatWithJames_iOS/Pods-ChatWithJames_iOS-frameworks-${CONFIGURATION}-input-files.xcfilelist",
			);
			name = "[CP] Embed Pods Frameworks";
			outputFileListPaths = (
				"${PODS_ROOT}/Target Support Files/Pods-ChatWithJames_iOS/Pods-ChatWithJames_iOS-frameworks-${CONFIGURATION}-output-files.xcfilelist",
			);
			runOnlyForDeploymentPostprocessing = 0;
			shellPath = /bin/sh;
			shellScript = "\"${PODS_ROOT}/Target Support Files/Pods-ChatWithJames_iOS/Pods-ChatWithJames_iOS-frameworks.sh\"\n";
			showEnvVarsInLog = 0;
		};
		429C5D51AA13F3975CCC4EE9 /* [CP] Check Pods Manifest.lock */ = {
			isa = PBXShellScriptBuildPhase;
			buildActionMask = 2147483647;
			files = (
			);
			inputFileListPaths = (
			);
			inputPaths = (
				"${PODS_PODFILE_DIR_PATH}/Podfile.lock",
				"${PODS_ROOT}/Manifest.lock",
			);
			name = "[CP] Check Pods Manifest.lock";
			outputFileListPaths = (
			);
			outputPaths = (
				"$(DERIVED_FILE_DIR)/Pods-ChatWithJames_iOS-checkManifestLockResult.txt",
			);
			runOnlyForDeploymentPostprocessing = 0;
			shellPath = /bin/sh;
			shellScript = "diff \"${PODS_PODFILE_DIR_PATH}/Podfile.lock\" \"${PODS_ROOT}/Manifest.lock\" > /dev/null\nif [ $? != 0 ] ; then\n    # print error to STDERR\n    echo \"error: The sandbox is not in sync with the Podfile.lock. Run 'pod install' or update your CocoaPods installation.\" >&2\n    exit 1\nfi\n# This output is used by Xcode 'outputs' to avoid re-running this script phase.\necho \"SUCCESS\" > \"${SCRIPT_OUTPUT_FILE_0}\"\n";
			showEnvVarsInLog = 0;
		};
		C31D8BF3080183A9BD179964 /* [CP] Copy Pods Resources */ = {
			isa = PBXShellScriptBuildPhase;
			buildActionMask = 2147483647;
			files = (
			);
			inputFileListPaths = (
				"${PODS_ROOT}/Target Support Files/Pods-ChatWithJames_iOS/Pods-ChatWithJames_iOS-resources-${CONFIGURATION}-input-files.xcfilelist",
			);
			name = "[CP] Copy Pods Resources";
			outputFileListPaths = (
				"${PODS_ROOT}/Target Support Files/Pods-ChatWithJames_iOS/Pods-ChatWithJames_iOS-resources-${CONFIGURATION}-output-files.xcfilelist",
			);
			runOnlyForDeploymentPostprocessing = 0;
			shellPath = /bin/sh;
			shellScript = "\"${PODS_ROOT}/Target Support Files/Pods-ChatWithJames_iOS/Pods-ChatWithJames_iOS-resources.sh\"\n";
			showEnvVarsInLog = 0;
		};
/* End PBXShellScriptBuildPhase section */

/* Begin PBXSourcesBuildPhase section */
		7BBD362025CD207200D6EB39 /* Sources */ = {
			isa = PBXSourcesBuildPhase;
			buildActionMask = 2147483647;
			files = (
				7BBD364425CFB79C00D6EB39 /* LoginViewController.swift in Sources */,
				7B60071925DDC2EF0015BC31 /* DatabaseManager.swift in Sources */,
				7BBD364825CFB7BD00D6EB39 /* RegisterViewController.swift in Sources */,
				7BBD365125CFB81D00D6EB39 /* NewConversationViewController.swift in Sources */,
				7BBD362C25CD207200D6EB39 /* ConversationsViewController.swift in Sources */,
				7BBD364E25CFB7FB00D6EB39 /* VideoPlayerViewController.swift in Sources */,
				7BBD365925D24E0A00D6EB39 /* Extensions.swift in Sources */,
				7BBD362825CD207200D6EB39 /* AppDelegate.swift in Sources */,
				7BBD365425CFB83300D6EB39 /* ProfileViewController.swift in Sources */,
				7BBD362A25CD207200D6EB39 /* SceneDelegate.swift in Sources */,
				7BBD364B25CFB7E500D6EB39 /* PhotoViewerViewController.swift in Sources */,
			);
			runOnlyForDeploymentPostprocessing = 0;
		};
/* End PBXSourcesBuildPhase section */

/* Begin PBXVariantGroup section */
		7BBD362D25CD207200D6EB39 /* Main.storyboard */ = {
			isa = PBXVariantGroup;
			children = (
				7BBD362E25CD207200D6EB39 /* Base */,
			);
			name = Main.storyboard;
			sourceTree = "<group>";
		};
		7BBD363225CD207200D6EB39 /* LaunchScreen.storyboard */ = {
			isa = PBXVariantGroup;
			children = (
				7BBD363325CD207200D6EB39 /* Base */,
			);
			name = LaunchScreen.storyboard;
			sourceTree = "<group>";
		};
/* End PBXVariantGroup section */

/* Begin XCBuildConfiguration section */
		7BBD363625CD207200D6EB39 /* Debug */ = {
			isa = XCBuildConfiguration;
			buildSettings = {
				ALWAYS_SEARCH_USER_PATHS = NO;
				CLANG_ANALYZER_NONNULL = YES;
				CLANG_ANALYZER_NUMBER_OBJECT_CONVERSION = YES_AGGRESSIVE;
				CLANG_CXX_LANGUAGE_STANDARD = "gnu++14";
				CLANG_CXX_LIBRARY = "libc++";
				CLANG_ENABLE_MODULES = YES;
				CLANG_ENABLE_OBJC_ARC = YES;
				CLANG_ENABLE_OBJC_WEAK = YES;
				CLANG_WARN_BLOCK_CAPTURE_AUTORELEASING = YES;
				CLANG_WARN_BOOL_CONVERSION = YES;
				CLANG_WARN_COMMA = YES;
				CLANG_WARN_CONSTANT_CONVERSION = YES;
				CLANG_WARN_DEPRECATED_OBJC_IMPLEMENTATIONS = YES;
				CLANG_WARN_DIRECT_OBJC_ISA_USAGE = YES_ERROR;
				CLANG_WARN_DOCUMENTATION_COMMENTS = YES;
				CLANG_WARN_EMPTY_BODY = YES;
				CLANG_WARN_ENUM_CONVERSION = YES;
				CLANG_WARN_INFINITE_RECURSION = YES;
				CLANG_WARN_INT_CONVERSION = YES;
				CLANG_WARN_NON_LITERAL_NULL_CONVERSION = YES;
				CLANG_WARN_OBJC_IMPLICIT_RETAIN_SELF = YES;
				CLANG_WARN_OBJC_LITERAL_CONVERSION = YES;
				CLANG_WARN_OBJC_ROOT_CLASS = YES_ERROR;
				CLANG_WARN_QUOTED_INCLUDE_IN_FRAMEWORK_HEADER = YES;
				CLANG_WARN_RANGE_LOOP_ANALYSIS = YES;
				CLANG_WARN_STRICT_PROTOTYPES = YES;
				CLANG_WARN_SUSPICIOUS_MOVE = YES;
				CLANG_WARN_UNGUARDED_AVAILABILITY = YES_AGGRESSIVE;
				CLANG_WARN_UNREACHABLE_CODE = YES;
				CLANG_WARN__DUPLICATE_METHOD_MATCH = YES;
				COPY_PHASE_STRIP = NO;
				DEBUG_INFORMATION_FORMAT = dwarf;
				ENABLE_STRICT_OBJC_MSGSEND = YES;
				ENABLE_TESTABILITY = YES;
				GCC_C_LANGUAGE_STANDARD = gnu11;
				GCC_DYNAMIC_NO_PIC = NO;
				GCC_NO_COMMON_BLOCKS = YES;
				GCC_OPTIMIZATION_LEVEL = 0;
				GCC_PREPROCESSOR_DEFINITIONS = (
					"DEBUG=1",
					"$(inherited)",
				);
				GCC_WARN_64_TO_32_BIT_CONVERSION = YES;
				GCC_WARN_ABOUT_RETURN_TYPE = YES_ERROR;
				GCC_WARN_UNDECLARED_SELECTOR = YES;
				GCC_WARN_UNINITIALIZED_AUTOS = YES_AGGRESSIVE;
				GCC_WARN_UNUSED_FUNCTION = YES;
				GCC_WARN_UNUSED_VARIABLE = YES;
				IPHONEOS_DEPLOYMENT_TARGET = 14.4;
				MTL_ENABLE_DEBUG_INFO = INCLUDE_SOURCE;
				MTL_FAST_MATH = YES;
				ONLY_ACTIVE_ARCH = YES;
				SDKROOT = iphoneos;
				SWIFT_ACTIVE_COMPILATION_CONDITIONS = DEBUG;
				SWIFT_OPTIMIZATION_LEVEL = "-Onone";
			};
			name = Debug;
		};
		7BBD363725CD207200D6EB39 /* Release */ = {
			isa = XCBuildConfiguration;
			buildSettings = {
				ALWAYS_SEARCH_USER_PATHS = NO;
				CLANG_ANALYZER_NONNULL = YES;
				CLANG_ANALYZER_NUMBER_OBJECT_CONVERSION = YES_AGGRESSIVE;
				CLANG_CXX_LANGUAGE_STANDARD = "gnu++14";
				CLANG_CXX_LIBRARY = "libc++";
				CLANG_ENABLE_MODULES = YES;
				CLANG_ENABLE_OBJC_ARC = YES;
				CLANG_ENABLE_OBJC_WEAK = YES;
				CLANG_WARN_BLOCK_CAPTURE_AUTORELEASING = YES;
				CLANG_WARN_BOOL_CONVERSION = YES;
				CLANG_WARN_COMMA = YES;
				CLANG_WARN_CONSTANT_CONVERSION = YES;
				CLANG_WARN_DEPRECATED_OBJC_IMPLEMENTATIONS = YES;
				CLANG_WARN_DIRECT_OBJC_ISA_USAGE = YES_ERROR;
				CLANG_WARN_DOCUMENTATION_COMMENTS = YES;
				CLANG_WARN_EMPTY_BODY = YES;
				CLANG_WARN_ENUM_CONVERSION = YES;
				CLANG_WARN_INFINITE_RECURSION = YES;
				CLANG_WARN_INT_CONVERSION = YES;
				CLANG_WARN_NON_LITERAL_NULL_CONVERSION = YES;
				CLANG_WARN_OBJC_IMPLICIT_RETAIN_SELF = YES;
				CLANG_WARN_OBJC_LITERAL_CONVERSION = YES;
				CLANG_WARN_OBJC_ROOT_CLASS = YES_ERROR;
				CLANG_WARN_QUOTED_INCLUDE_IN_FRAMEWORK_HEADER = YES;
				CLANG_WARN_RANGE_LOOP_ANALYSIS = YES;
				CLANG_WARN_STRICT_PROTOTYPES = YES;
				CLANG_WARN_SUSPICIOUS_MOVE = YES;
				CLANG_WARN_UNGUARDED_AVAILABILITY = YES_AGGRESSIVE;
				CLANG_WARN_UNREACHABLE_CODE = YES;
				CLANG_WARN__DUPLICATE_METHOD_MATCH = YES;
				COPY_PHASE_STRIP = NO;
				DEBUG_INFORMATION_FORMAT = "dwarf-with-dsym";
				ENABLE_NS_ASSERTIONS = NO;
				ENABLE_STRICT_OBJC_MSGSEND = YES;
				GCC_C_LANGUAGE_STANDARD = gnu11;
				GCC_NO_COMMON_BLOCKS = YES;
				GCC_WARN_64_TO_32_BIT_CONVERSION = YES;
				GCC_WARN_ABOUT_RETURN_TYPE = YES_ERROR;
				GCC_WARN_UNDECLARED_SELECTOR = YES;
				GCC_WARN_UNINITIALIZED_AUTOS = YES_AGGRESSIVE;
				GCC_WARN_UNUSED_FUNCTION = YES;
				GCC_WARN_UNUSED_VARIABLE = YES;
				IPHONEOS_DEPLOYMENT_TARGET = 14.4;
				MTL_ENABLE_DEBUG_INFO = NO;
				MTL_FAST_MATH = YES;
				SDKROOT = iphoneos;
				SWIFT_COMPILATION_MODE = wholemodule;
				SWIFT_OPTIMIZATION_LEVEL = "-O";
				VALIDATE_PRODUCT = YES;
			};
			name = Release;
		};
		7BBD363925CD207200D6EB39 /* Debug */ = {
			isa = XCBuildConfiguration;
			baseConfigurationReference = 445057DC5F18A3851296AA1F /* Pods-ChatWithJames_iOS.debug.xcconfig */;
			buildSettings = {
				ASSETCATALOG_COMPILER_APPICON_NAME = AppIcon;
				ASSETCATALOG_COMPILER_GLOBAL_ACCENT_COLOR_NAME = AccentColor;
				CLANG_WARN_QUOTED_INCLUDE_IN_FRAMEWORK_HEADER = NO;
				CODE_SIGN_STYLE = Automatic;
				DEVELOPMENT_TEAM = 8C6N42M8X3;
				INFOPLIST_FILE = ChatWithJames_iOS/Info.plist;
				LD_RUNPATH_SEARCH_PATHS = (
					"$(inherited)",
					"@executable_path/Frameworks",
				);
				PRODUCT_BUNDLE_IDENTIFIER = "com.jamestrada.ChatWithJames-iOS";
				PRODUCT_NAME = "$(TARGET_NAME)";
				SWIFT_VERSION = 5.0;
				TARGETED_DEVICE_FAMILY = "1,2";
			};
			name = Debug;
		};
		7BBD363A25CD207200D6EB39 /* Release */ = {
			isa = XCBuildConfiguration;
			baseConfigurationReference = 1E5C33A26ACD3A7F80DDC7E8 /* Pods-ChatWithJames_iOS.release.xcconfig */;
			buildSettings = {
				ASSETCATALOG_COMPILER_APPICON_NAME = AppIcon;
				ASSETCATALOG_COMPILER_GLOBAL_ACCENT_COLOR_NAME = AccentColor;
				CLANG_WARN_QUOTED_INCLUDE_IN_FRAMEWORK_HEADER = NO;
				CODE_SIGN_STYLE = Automatic;
				DEVELOPMENT_TEAM = 8C6N42M8X3;
				INFOPLIST_FILE = ChatWithJames_iOS/Info.plist;
				LD_RUNPATH_SEARCH_PATHS = (
					"$(inherited)",
					"@executable_path/Frameworks",
				);
				PRODUCT_BUNDLE_IDENTIFIER = "com.jamestrada.ChatWithJames-iOS";
				PRODUCT_NAME = "$(TARGET_NAME)";
				SWIFT_VERSION = 5.0;
				TARGETED_DEVICE_FAMILY = "1,2";
			};
			name = Release;
		};
/* End XCBuildConfiguration section */

/* Begin XCConfigurationList section */
		7BBD361F25CD207200D6EB39 /* Build configuration list for PBXProject "ChatWithJames_iOS" */ = {
			isa = XCConfigurationList;
			buildConfigurations = (
				7BBD363625CD207200D6EB39 /* Debug */,
				7BBD363725CD207200D6EB39 /* Release */,
			);
			defaultConfigurationIsVisible = 0;
			defaultConfigurationName = Release;
		};
		7BBD363825CD207200D6EB39 /* Build configuration list for PBXNativeTarget "ChatWithJames_iOS" */ = {
			isa = XCConfigurationList;
			buildConfigurations = (
				7BBD363925CD207200D6EB39 /* Debug */,
				7BBD363A25CD207200D6EB39 /* Release */,
			);
			defaultConfigurationIsVisible = 0;
			defaultConfigurationName = Release;
		};
/* End XCConfigurationList section */
	};
	rootObject = 7BBD361C25CD207200D6EB39 /* Project object */;
}
